
Microsoft Visual Studio Solution File, Format Version 12.00
# Visual Studio Version 16
VisualStudioVersion = 16.0.30204.135
MinimumVisualStudioVersion = 10.0.40219.1
Project("{9A19103F-16F7-4668-BE54-9A1E7A4F7556}") = "Core", "src\Core\Core.csproj", "{C9077761-46FB-4607-AA37-05AEF30E88FF}"
EndProject
Project("{2150E333-8FDC-42A3-9474-1A3956D46DE8}") = "src", "src", "{093F6742-45C7-45E7-9CE9-373EEB263DA7}"
EndProject
Project("{2150E333-8FDC-42A3-9474-1A3956D46DE8}") = "tests", "tests", "{461B82D3-28F9-4348-854D-285A317E3A7B}"
EndProject
Project("{9A19103F-16F7-4668-BE54-9A1E7A4F7556}") = "Infrastructure", "src\Infrastructure\Infrastructure.csproj", "{2E3D5103-54C2-4C23-969A-AD6987C17158}"
EndProject
Project("{9A19103F-16F7-4668-BE54-9A1E7A4F7556}") = "WebAplication", "src\WebAplication\WebAplication.csproj", "{372E2AA1-2C9D-44AE-8EE5-1FE6C38910F8}"
EndProject
Project("{9A19103F-16F7-4668-BE54-9A1E7A4F7556}") = "UnitTests", "tests\UnitTests\UnitTests.csproj", "{ECF2C5A1-1D53-43BB-A77C-E91BC75F1940}"
EndProject
Project("{2150E333-8FDC-42A3-9474-1A3956D46DE8}") = "Solution Items", "Solution Items", "{491FE7B1-198E-41AE-B0A1-A2B32B110962}"
	ProjectSection(SolutionItems) = preProject
		README.md = README.md
	EndProjectSection
EndProject
Global
	GlobalSection(SolutionConfigurationPlatforms) = preSolution
		Debug|Any CPU = Debug|Any CPU
		Release|Any CPU = Release|Any CPU
	EndGlobalSection
	GlobalSection(ProjectConfigurationPlatforms) = postSolution
		{C9077761-46FB-4607-AA37-05AEF30E88FF}.Debug|Any CPU.ActiveCfg = Debug|Any CPU
		{C9077761-46FB-4607-AA37-05AEF30E88FF}.Debug|Any CPU.Build.0 = Debug|Any CPU
		{C9077761-46FB-4607-AA37-05AEF30E88FF}.Release|Any CPU.ActiveCfg = Release|Any CPU
		{C9077761-46FB-4607-AA37-05AEF30E88FF}.Release|Any CPU.Build.0 = Release|Any CPU
		{2E3D5103-54C2-4C23-969A-AD6987C17158}.Debug|Any CPU.ActiveCfg = Debug|Any CPU
		{2E3D5103-54C2-4C23-969A-AD6987C17158}.Debug|Any CPU.Build.0 = Debug|Any CPU
		{2E3D5103-54C2-4C23-969A-AD6987C17158}.Release|Any CPU.ActiveCfg = Release|Any CPU
		{2E3D5103-54C2-4C23-969A-AD6987C17158}.Release|Any CPU.Build.0 = Release|Any CPU
		{372E2AA1-2C9D-44AE-8EE5-1FE6C38910F8}.Debug|Any CPU.ActiveCfg = Debug|Any CPU
		{372E2AA1-2C9D-44AE-8EE5-1FE6C38910F8}.Debug|Any CPU.Build.0 = Debug|Any CPU
		{372E2AA1-2C9D-44AE-8EE5-1FE6C38910F8}.Release|Any CPU.ActiveCfg = Release|Any CPU
		{372E2AA1-2C9D-44AE-8EE5-1FE6C38910F8}.Release|Any CPU.Build.0 = Release|Any CPU
		{ECF2C5A1-1D53-43BB-A77C-E91BC75F1940}.Debug|Any CPU.ActiveCfg = Debug|Any CPU
		{ECF2C5A1-1D53-43BB-A77C-E91BC75F1940}.Debug|Any CPU.Build.0 = Debug|Any CPU
		{ECF2C5A1-1D53-43BB-A77C-E91BC75F1940}.Release|Any CPU.ActiveCfg = Release|Any CPU
		{ECF2C5A1-1D53-43BB-A77C-E91BC75F1940}.Release|Any CPU.Build.0 = Release|Any CPU
	EndGlobalSection
	GlobalSection(SolutionProperties) = preSolution
		HideSolutionNode = FALSE
	EndGlobalSection
	GlobalSection(NestedProjects) = preSolution
		{C9077761-46FB-4607-AA37-05AEF30E88FF} = {093F6742-45C7-45E7-9CE9-373EEB263DA7}
		{2E3D5103-54C2-4C23-969A-AD6987C17158} = {093F6742-45C7-45E7-9CE9-373EEB263DA7}
		{372E2AA1-2C9D-44AE-8EE5-1FE6C38910F8} = {093F6742-45C7-45E7-9CE9-373EEB263DA7}
		{ECF2C5A1-1D53-43BB-A77C-E91BC75F1940} = {461B82D3-28F9-4348-854D-285A317E3A7B}
	EndGlobalSection
	GlobalSection(ExtensibilityGlobals) = postSolution
		SolutionGuid = {469E6785-226E-4C7D-B07C-AE2CA5957DD5}
	EndGlobalSection
EndGlobal
